
Microsoft Visual Studio Solution File, Format Version 12.00
# Visual Studio Version 16
VisualStudioVersion = 16.0.31105.61
MinimumVisualStudioVersion = 10.0.40219.1
Project("{9A19103F-16F7-4668-BE54-9A1E7A4F7556}") = "CRMAPI", "CRMAPI\CRMAPI.csproj", "{DB5F76A4-0FAC-42E8-8FB2-C625C2966E00}"
EndProject
Project("{FAE04EC0-301F-11D3-BF4B-00C04F79EFBC}") = "CRMWeb", "CRMWeb\CRMWeb.csproj", "{D7D7B1D4-FCF6-4C67-9432-1F55ECBD3E95}"
EndProject
Global
	GlobalSection(SolutionConfigurationPlatforms) = preSolution
		Debug|Any CPU = Debug|Any CPU
		Release|Any CPU = Release|Any CPU
	EndGlobalSection
	GlobalSection(ProjectConfigurationPlatforms) = postSolution
		{DB5F76A4-0FAC-42E8-8FB2-C625C2966E00}.Debug|Any CPU.ActiveCfg = Debug|Any CPU
		{DB5F76A4-0FAC-42E8-8FB2-C625C2966E00}.Debug|Any CPU.Build.0 = Debug|Any CPU
		{DB5F76A4-0FAC-42E8-8FB2-C625C2966E00}.Release|Any CPU.ActiveCfg = Release|Any CPU
		{DB5F76A4-0FAC-42E8-8FB2-C625C2966E00}.Release|Any CPU.Build.0 = Release|Any CPU
		{D7D7B1D4-FCF6-4C67-9432-1F55ECBD3E95}.Debug|Any CPU.ActiveCfg = Debug|Any CPU
		{D7D7B1D4-FCF6-4C67-9432-1F55ECBD3E95}.Debug|Any CPU.Build.0 = Debug|Any CPU
		{D7D7B1D4-FCF6-4C67-9432-1F55ECBD3E95}.Release|Any CPU.ActiveCfg = Release|Any CPU
		{D7D7B1D4-FCF6-4C67-9432-1F55ECBD3E95}.Release|Any CPU.Build.0 = Release|Any CPU
	EndGlobalSection
	GlobalSection(SolutionProperties) = preSolution
		HideSolutionNode = FALSE
	EndGlobalSection
	GlobalSection(ExtensibilityGlobals) = postSolution
		SolutionGuid = {F62986BB-7B51-45E2-9EB0-4C7C5553E4C3}
	EndGlobalSection
EndGlobal
